
Microsoft Visual Studio Solution File, Format Version 12.00
# Visual Studio 2013
VisualStudioVersion = 12.0.31101.0
MinimumVisualStudioVersion = 10.0.40219.1
Project("{FAE04EC0-301F-11D3-BF4B-00C04F79EFBC}") = "GetTumblr_csharp", "WebGetC#\GetTumblr_csharp.csproj", "{51FCF658-5C13-40DF-9782-ED558B150862}"
EndProject
Global
	GlobalSection(SolutionConfigurationPlatforms) = preSolution
		Debug|Any CPU = Debug|Any CPU
		Release|Any CPU = Release|Any CPU
	EndGlobalSection
	GlobalSection(ProjectConfigurationPlatforms) = postSolution
		{51FCF658-5C13-40DF-9782-ED558B150862}.Debug|Any CPU.ActiveCfg = Debug|Any CPU
		{51FCF658-5C13-40DF-9782-ED558B150862}.Debug|Any CPU.Build.0 = Debug|Any CPU
		{51FCF658-5C13-40DF-9782-ED558B150862}.Release|Any CPU.ActiveCfg = Release|Any CPU
		{51FCF658-5C13-40DF-9782-ED558B150862}.Release|Any CPU.Build.0 = Release|Any CPU
	EndGlobalSection
	GlobalSection(SolutionProperties) = preSolution
		HideSolutionNode = FALSE
	EndGlobalSection
EndGlobal
